
Microsoft Visual Studio Solution File, Format Version 11.00
# Visual Studio 2010
Project("{FAE04EC0-301F-11D3-BF4B-00C04F79EFBC}") = "LitonLibForUnity3D", "Assembly-CSharp.csproj", "{027CDA80-AFBC-E490-78DF-11BD6394B4BE}"
EndProject
Project("{FAE04EC0-301F-11D3-BF4B-00C04F79EFBC}") = "LitonLibForUnity3D", "Assembly-CSharp-Editor.csproj", "{A302F970-2703-9774-92CE-469511F98438}"
EndProject
Global
	GlobalSection(SolutionConfigurationPlatforms) = preSolution
		Debug|Any CPU = Debug|Any CPU
		Release|Any CPU = Release|Any CPU
	EndGlobalSection
	GlobalSection(ProjectConfigurationPlatforms) = postSolution
		{027CDA80-AFBC-E490-78DF-11BD6394B4BE}.Debug|Any CPU.ActiveCfg = Debug|Any CPU
		{027CDA80-AFBC-E490-78DF-11BD6394B4BE}.Debug|Any CPU.Build.0 = Debug|Any CPU
		{027CDA80-AFBC-E490-78DF-11BD6394B4BE}.Release|Any CPU.ActiveCfg = Release|Any CPU
		{027CDA80-AFBC-E490-78DF-11BD6394B4BE}.Release|Any CPU.Build.0 = Release|Any CPU
		{A302F970-2703-9774-92CE-469511F98438}.Debug|Any CPU.ActiveCfg = Debug|Any CPU
		{A302F970-2703-9774-92CE-469511F98438}.Debug|Any CPU.Build.0 = Debug|Any CPU
		{A302F970-2703-9774-92CE-469511F98438}.Release|Any CPU.ActiveCfg = Release|Any CPU
		{A302F970-2703-9774-92CE-469511F98438}.Release|Any CPU.Build.0 = Release|Any CPU
	EndGlobalSection
	GlobalSection(SolutionProperties) = preSolution
		HideSolutionNode = FALSE
	EndGlobalSection
	GlobalSection(MonoDevelopProperties) = preSolution
		StartupItem = Assembly-CSharp.csproj
	EndGlobalSection
EndGlobal
